{
  "name": "ai-media-factory",
  "version": "0.1.0",
  "lockfileVersion": 3,
  "requires": true,
  "packages": {
    "": {
      "name": "ai-media-factory",
      "version": "0.1.0",
      "license": "MIT",
      "workspaces": [
        "apps/web",
        "packages/*"
      ],
      "engines": {
        "node": ">=20",
        "npm": ">=10"
      }
    },
    "apps/web": {
      "name": "@ai-media-factory/web",
      "version": "0.1.0",
      "dependencies": {
        "@ai-media-factory/shared": "*"
      },
      "devDependencies": {
        "@types/node": "^20.14.0",
        "typescript": "^5.5.0"
      }
    },
    "node_modules/@ai-media-factory/context-engine": {
      "resolved": "packages/context-engine",
      "link": true
    },
    "node_modules/@ai-media-factory/evaluation-framework": {
      "resolved": "packages/evaluation-framework",
      "link": true
    },
    "node_modules/@ai-media-factory/memory-engine": {
      "resolved": "packages/memory-engine",
      "link": true
    },
    "node_modules/@ai-media-factory/prompt-compiler": {
      "resolved": "packages/prompt-compiler",
      "link": true
    },
    "node_modules/@ai-media-factory/providers": {
      "resolved": "packages/providers",
      "link": true
    },
    "node_modules/@ai-media-factory/runtime": {
      "resolved": "packages/runtime",
      "link": true
    },
    "node_modules/@ai-media-factory/shared": {
      "resolved": "packages/shared",
      "link": true
    },
    "node_modules/@ai-media-factory/tool-framework": {
      "resolved": "packages/tool-framework",
      "link": true
    },
    "node_modules/@ai-media-factory/web": {
      "resolved": "apps/web",
      "link": true
    },
    "node_modules/@ai-media-factory/workflow-engine": {
      "resolved": "packages/workflow-engine",
      "link": true
    },
    "node_modules/@types/node": {
      "version": "20.19.43",
      "resolved": "https://registry.npmjs.org/@types/node/-/node-20.19.43.tgz",
      "integrity": "sha512-6oYBAi5ikg4Pl+kGsoYtawUMBT2zZMCvPNF7pVLnHZfd1zf38DRiWn/gT01RYCdUqkv7Fhr+C9ot4/tb+2sVvA==",
      "dev": true,
      "license": "MIT",
      "dependencies": {
        "undici-types": "~6.21.0"
      }
    },
    "node_modules/typescript": {
      "version": "5.9.3",
      "resolved": "https://registry.npmjs.org/typescript/-/typescript-5.9.3.tgz",
      "integrity": "sha512-jl1vZzPDinLr9eUt3J/t7V6FgNEw9QjvBPdysz9KfQDD41fQrC2Y4vKQdiaUpFT4bXlb1RHhLpp8wtm6M5TgSw==",
      "dev": true,
      "license": "Apache-2.0",
      "bin": {
        "tsc": "bin/tsc",
        "tsserver": "bin/tsserver"
      },
      "engines": {
        "node": ">=14.17"
      }
    },
    "node_modules/undici-types": {
      "version": "6.21.0",
      "resolved": "https://registry.npmjs.org/undici-types/-/undici-types-6.21.0.tgz",
      "integrity": "sha512-iwDZqg0QAGrg9Rav5H4n0M64c3mkR59cJ6wQp+7C4nI0gsmExaedaYLNO44eT4AtBBwjbTiGPMlt2Md0T9H9JQ==",
      "dev": true,
      "license": "MIT"
    },
    "packages/context-engine": {
      "name": "@ai-media-factory/context-engine",
      "version": "0.1.0",
      "dependencies": {
        "@ai-media-factory/memory-engine": "*",
        "@ai-media-factory/workflow-engine": "*"
      },
      "devDependencies": {
        "typescript": "^5.5.0"
      }
    },
    "packages/evaluation-framework": {
      "name": "@ai-media-factory/evaluation-framework",
      "version": "0.1.0",
      "dependencies": {
        "@ai-media-factory/memory-engine": "*",
        "@ai-media-factory/workflow-engine": "*"
      },
      "devDependencies": {
        "typescript": "^5.5.0"
      }
    },
    "packages/memory-engine": {
      "name": "@ai-media-factory/memory-engine",
      "version": "0.1.0",
      "devDependencies": {
        "typescript": "^5.5.0"
      }
    },
    "packages/prompt-compiler": {
      "name": "@ai-media-factory/prompt-compiler",
      "version": "0.1.0",
      "devDependencies": {
        "typescript": "^5.5.0"
      }
    },
    "packages/providers": {
      "name": "@ai-media-factory/providers",
      "version": "0.1.0",
      "devDependencies": {
        "@types/node": "^20.19.43",
        "typescript": "^5.5.0"
      }
    },
    "packages/runtime": {
      "name": "@ai-media-factory/runtime",
      "version": "0.1.0",
      "dependencies": {
        "@ai-media-factory/context-engine": "*",
        "@ai-media-factory/evaluation-framework": "*",
        "@ai-media-factory/memory-engine": "*",
        "@ai-media-factory/prompt-compiler": "*",
        "@ai-media-factory/providers": "*",
        "@ai-media-factory/tool-framework": "*"
      },
      "devDependencies": {
        "typescript": "^5.5.0"
      }
    },
    "packages/shared": {
      "name": "@ai-media-factory/shared",
      "version": "0.1.0",
      "devDependencies": {
        "typescript": "^5.5.0"
      }
    },
    "packages/tool-framework": {
      "name": "@ai-media-factory/tool-framework",
      "version": "0.1.0",
      "dependencies": {
        "@ai-media-factory/memory-engine": "*"
      },
      "devDependencies": {
        "typescript": "^5.5.0"
      }
    },
    "packages/workflow-engine": {
      "name": "@ai-media-factory/workflow-engine",
      "version": "0.1.0",
      "dependencies": {
        "@ai-media-factory/context-engine": "*",
        "@ai-media-factory/evaluation-framework": "*",
        "@ai-media-factory/memory-engine": "*",
        "@ai-media-factory/runtime": "*",
        "@ai-media-factory/tool-framework": "*"
      },
      "devDependencies": {
        "typescript": "^5.5.0"
      }
    }
  }
}
